
Microsoft Visual Studio Solution File, Format Version 12.00
# Visual Studio Version 17
VisualStudioVersion = 17.3.32804.467
MinimumVisualStudioVersion = 10.0.40219.1
Project("{FAE04EC0-301F-11D3-BF4B-00C04F79EFBC}") = "CardSearcher", "CardSearcher.csproj", "{9DE0B0E0-4CC7-4238-940F-66E4AD364E34}"
EndProject
Global
	GlobalSection(SolutionConfigurationPlatforms) = preSolution
		Debug|Any CPU = Debug|Any CPU
		Release|Any CPU = Release|Any CPU
	EndGlobalSection
	GlobalSection(ProjectConfigurationPlatforms) = postSolution
		{9DE0B0E0-4CC7-4238-940F-66E4AD364E34}.Debug|Any CPU.ActiveCfg = Debug|Any CPU
		{9DE0B0E0-4CC7-4238-940F-66E4AD364E34}.Debug|Any CPU.Build.0 = Debug|Any CPU
		{9DE0B0E0-4CC7-4238-940F-66E4AD364E34}.Release|Any CPU.ActiveCfg = Release|Any CPU
		{9DE0B0E0-4CC7-4238-940F-66E4AD364E34}.Release|Any CPU.Build.0 = Release|Any CPU
	EndGlobalSection
	GlobalSection(SolutionProperties) = preSolution
		HideSolutionNode = FALSE
	EndGlobalSection
	GlobalSection(ExtensibilityGlobals) = postSolution
		SolutionGuid = {C918A14D-13F1-4CDE-B037-F6FFDFA661C7}
	EndGlobalSection
EndGlobal
